
Microsoft Visual Studio Solution File, Format Version 12.00
# Visual Studio 15
VisualStudioVersion = 15.0.28307.329
MinimumVisualStudioVersion = 10.0.40219.1
Project("{9A19103F-16F7-4668-BE54-9A1E7A4F7556}") = "Dotz.Api", "Dotz.Api\Dotz.Api.csproj", "{668017BD-B74E-4D9A-AE15-165F33F90A12}"
EndProject
Global
	GlobalSection(SolutionConfigurationPlatforms) = preSolution
		Debug|Any CPU = Debug|Any CPU
		Release|Any CPU = Release|Any CPU
	EndGlobalSection
	GlobalSection(ProjectConfigurationPlatforms) = postSolution
		{668017BD-B74E-4D9A-AE15-165F33F90A12}.Debug|Any CPU.ActiveCfg = Debug|Any CPU
		{668017BD-B74E-4D9A-AE15-165F33F90A12}.Debug|Any CPU.Build.0 = Debug|Any CPU
		{668017BD-B74E-4D9A-AE15-165F33F90A12}.Release|Any CPU.ActiveCfg = Release|Any CPU
		{668017BD-B74E-4D9A-AE15-165F33F90A12}.Release|Any CPU.Build.0 = Release|Any CPU
	EndGlobalSection
	GlobalSection(SolutionProperties) = preSolution
		HideSolutionNode = FALSE
	EndGlobalSection
	GlobalSection(ExtensibilityGlobals) = postSolution
		SolutionGuid = {BA760B96-FBFA-4219-B74C-A652D5A0DFB2}
	EndGlobalSection
EndGlobal
